// !$*UTF8*$!
{
	archiveVersion = 1;
	classes = {
	};
	objectVersion = 46;
	objects = {

/* Begin PBXBuildFile section */
		903811F01DA6B2230089D318 /* TaskDetailViewController.swift in Sources */ = {isa = PBXBuildFile; fileRef = 903811EF1DA6B2230089D318 /* TaskDetailViewController.swift */; };
		903811F21DA6BD0E0089D318 /* Tasks.swift in Sources */ = {isa = PBXBuildFile; fileRef = 903811F11DA6BD0E0089D318 /* Tasks.swift */; };
		903811F41DA6C25C0089D318 /* AddNewTaskViewController.swift in Sources */ = {isa = PBXBuildFile; fileRef = 903811F31DA6C25C0089D318 /* AddNewTaskViewController.swift */; };
		903811F81DA6DD690089D318 /* Categories.swift in Sources */ = {isa = PBXBuildFile; fileRef = 903811F71DA6DD690089D318 /* Categories.swift */; };
		903811FA1DA6DDEE0089D318 /* CategoriesTableViewController.swift in Sources */ = {isa = PBXBuildFile; fileRef = 903811F91DA6DDEE0089D318 /* CategoriesTableViewController.swift */; };
		903811FC1DA6DF130089D318 /* CategoryTableViewCell.swift in Sources */ = {isa = PBXBuildFile; fileRef = 903811FB1DA6DF130089D318 /* CategoryTableViewCell.swift */; };
		903812051DA7E8E80089D318 /* InitialViewController.swift in Sources */ = {isa = PBXBuildFile; fileRef = 903812041DA7E8E80089D318 /* InitialViewController.swift */; };
		9041DB831DBE4FC300283579 /* NotificationsManager.swift in Sources */ = {isa = PBXBuildFile; fileRef = 9041DB821DBE4FC300283579 /* NotificationsManager.swift */; };
		904402211DA5556100C4F97F /* MainViewController.swift in Sources */ = {isa = PBXBuildFile; fileRef = 904402201DA5556100C4F97F /* MainViewController.swift */; };
		904402231DA5558E00C4F97F /* TaskCell.swift in Sources */ = {isa = PBXBuildFile; fileRef = 904402221DA5558E00C4F97F /* TaskCell.swift */; };
		904402271DA57A6C00C4F97F /* ViewShadow.swift in Sources */ = {isa = PBXBuildFile; fileRef = 904402261DA57A6C00C4F97F /* ViewShadow.swift */; };
		906F5ECA1DBA0673001643A5 /* Category+CoreDataClass.swift in Sources */ = {isa = PBXBuildFile; fileRef = 906F5EC61DBA0673001643A5 /* Category+CoreDataClass.swift */; };
		906F5ECB1DBA0673001643A5 /* Category+CoreDataProperties.swift in Sources */ = {isa = PBXBuildFile; fileRef = 906F5EC71DBA0673001643A5 /* Category+CoreDataProperties.swift */; };
		906F5ECC1DBA0673001643A5 /* Task+CoreDataClass.swift in Sources */ = {isa = PBXBuildFile; fileRef = 906F5EC81DBA0673001643A5 /* Task+CoreDataClass.swift */; };
		906F5ECD1DBA0673001643A5 /* Task+CoreDataProperties.swift in Sources */ = {isa = PBXBuildFile; fileRef = 906F5EC91DBA0673001643A5 /* Task+CoreDataProperties.swift */; };
		908283001DB7AB5C0006D49B /* SettingsViewController.swift in Sources */ = {isa = PBXBuildFile; fileRef = 908282FF1DB7AB5C0006D49B /* SettingsViewController.swift */; };
		908283021DB7AC800006D49B /* EditCategoriesTableViewController.swift in Sources */ = {isa = PBXBuildFile; fileRef = 908283011DB7AC800006D49B /* EditCategoriesTableViewController.swift */; };
		908283041DB8B16D0006D49B /* NewCategoryViewController.swift in Sources */ = {isa = PBXBuildFile; fileRef = 908283031DB8B16D0006D49B /* NewCategoryViewController.swift */; };
		908283071DB915C30006D49B /* TaskCoreData.xcdatamodeld in Sources */ = {isa = PBXBuildFile; fileRef = 908283051DB915C30006D49B /* TaskCoreData.xcdatamodeld */; };
		908ED8201DBF4FEE00FE276E /* Settings+CoreDataClass.swift in Sources */ = {isa = PBXBuildFile; fileRef = 908ED81E1DBF4FEE00FE276E /* Settings+CoreDataClass.swift */; };
		908ED8211DBF4FEE00FE276E /* Settings+CoreDataProperties.swift in Sources */ = {isa = PBXBuildFile; fileRef = 908ED81F1DBF4FEE00FE276E /* Settings+CoreDataProperties.swift */; };
		908ED8231DBF505900FE276E /* Settings.swift in Sources */ = {isa = PBXBuildFile; fileRef = 908ED8221DBF505900FE276E /* Settings.swift */; };
		909C93A41DA54F6F002C17CE /* AppDelegate.swift in Sources */ = {isa = PBXBuildFile; fileRef = 909C93A31DA54F6F002C17CE /* AppDelegate.swift */; };
		909C93A91DA54F6F002C17CE /* Main.storyboard in Resources */ = {isa = PBXBuildFile; fileRef = 909C93A71DA54F6F002C17CE /* Main.storyboard */; };
		909C93AB1DA54F6F002C17CE /* Assets.xcassets in Resources */ = {isa = PBXBuildFile; fileRef = 909C93AA1DA54F6F002C17CE /* Assets.xcassets */; };
		909C93AE1DA54F6F002C17CE /* LaunchScreen.storyboard in Resources */ = {isa = PBXBuildFile; fileRef = 909C93AC1DA54F6F002C17CE /* LaunchScreen.storyboard */; };
/* End PBXBuildFile section */

/* Begin PBXFileReference section */
		903811EF1DA6B2230089D318 /* TaskDetailViewController.swift */ = {isa = PBXFileReference; fileEncoding = 4; lastKnownFileType = sourcecode.swift; path = TaskDetailViewController.swift; sourceTree = "<group>"; };
		903811F11DA6BD0E0089D318 /* Tasks.swift */ = {isa = PBXFileReference; fileEncoding = 4; lastKnownFileType = sourcecode.swift; path = Tasks.swift; sourceTree = "<group>"; };
		903811F31DA6C25C0089D318 /* AddNewTaskViewController.swift */ = {isa = PBXFileReference; fileEncoding = 4; lastKnownFileType = sourcecode.swift; path = AddNewTaskViewController.swift; sourceTree = "<group>"; };
		903811F71DA6DD690089D318 /* Categories.swift */ = {isa = PBXFileReference; fileEncoding = 4; lastKnownFileType = sourcecode.swift; path = Categories.swift; sourceTree = "<group>"; };
		903811F91DA6DDEE0089D318 /* CategoriesTableViewController.swift */ = {isa = PBXFileReference; fileEncoding = 4; lastKnownFileType = sourcecode.swift; path = CategoriesTableViewController.swift; sourceTree = "<group>"; };
		903811FB1DA6DF130089D318 /* CategoryTableViewCell.swift */ = {isa = PBXFileReference; fileEncoding = 4; lastKnownFileType = sourcecode.swift; path = CategoryTableViewCell.swift; sourceTree = "<group>"; };
		903812041DA7E8E80089D318 /* InitialViewController.swift */ = {isa = PBXFileReference; fileEncoding = 4; lastKnownFileType = sourcecode.swift; path = InitialViewController.swift; sourceTree = "<group>"; };
		9041DB821DBE4FC300283579 /* NotificationsManager.swift */ = {isa = PBXFileReference; fileEncoding = 4; lastKnownFileType = sourcecode.swift; path = NotificationsManager.swift; sourceTree = "<group>"; };
		904402201DA5556100C4F97F /* MainViewController.swift */ = {isa = PBXFileReference; fileEncoding = 4; lastKnownFileType = sourcecode.swift; name = MainViewController.swift; path = ../MainViewController.swift; sourceTree = "<group>"; };
		904402221DA5558E00C4F97F /* TaskCell.swift */ = {isa = PBXFileReference; fileEncoding = 4; lastKnownFileType = sourcecode.swift; path = TaskCell.swift; sourceTree = "<group>"; };
		904402261DA57A6C00C4F97F /* ViewShadow.swift */ = {isa = PBXFileReference; fileEncoding = 4; lastKnownFileType = sourcecode.swift; path = ViewShadow.swift; sourceTree = "<group>"; };
		906F5EC61DBA0673001643A5 /* Category+CoreDataClass.swift */ = {isa = PBXFileReference; fileEncoding = 4; lastKnownFileType = sourcecode.swift; name = "Category+CoreDataClass.swift"; path = "../Category+CoreDataClass.swift"; sourceTree = "<group>"; };
		906F5EC71DBA0673001643A5 /* Category+CoreDataProperties.swift */ = {isa = PBXFileReference; fileEncoding = 4; lastKnownFileType = sourcecode.swift; name = "Category+CoreDataProperties.swift"; path = "../Category+CoreDataProperties.swift"; sourceTree = "<group>"; };
		906F5EC81DBA0673001643A5 /* Task+CoreDataClass.swift */ = {isa = PBXFileReference; fileEncoding = 4; lastKnownFileType = sourcecode.swift; name = "Task+CoreDataClass.swift"; path = "../Task+CoreDataClass.swift"; sourceTree = "<group>"; };
		906F5EC91DBA0673001643A5 /* Task+CoreDataProperties.swift */ = {isa = PBXFileReference; fileEncoding = 4; lastKnownFileType = sourcecode.swift; name = "Task+CoreDataProperties.swift"; path = "../Task+CoreDataProperties.swift"; sourceTree = "<group>"; };
		908282FF1DB7AB5C0006D49B /* SettingsViewController.swift */ = {isa = PBXFileReference; fileEncoding = 4; lastKnownFileType = sourcecode.swift; path = SettingsViewController.swift; sourceTree = "<group>"; };
		908283011DB7AC800006D49B /* EditCategoriesTableViewController.swift */ = {isa = PBXFileReference; fileEncoding = 4; lastKnownFileType = sourcecode.swift; path = EditCategoriesTableViewController.swift; sourceTree = "<group>"; };
		908283031DB8B16D0006D49B /* NewCategoryViewController.swift */ = {isa = PBXFileReference; fileEncoding = 4; lastKnownFileType = sourcecode.swift; path = NewCategoryViewController.swift; sourceTree = "<group>"; };
		908283061DB915C30006D49B /* TaskCoreData.xcdatamodel */ = {isa = PBXFileReference; lastKnownFileType = wrapper.xcdatamodel; path = TaskCoreData.xcdatamodel; sourceTree = "<group>"; };
		908ED81E1DBF4FEE00FE276E /* Settings+CoreDataClass.swift */ = {isa = PBXFileReference; fileEncoding = 4; lastKnownFileType = sourcecode.swift; name = "Settings+CoreDataClass.swift"; path = "../Settings+CoreDataClass.swift"; sourceTree = "<group>"; };
		908ED81F1DBF4FEE00FE276E /* Settings+CoreDataProperties.swift */ = {isa = PBXFileReference; fileEncoding = 4; lastKnownFileType = sourcecode.swift; name = "Settings+CoreDataProperties.swift"; path = "../Settings+CoreDataProperties.swift"; sourceTree = "<group>"; };
		908ED8221DBF505900FE276E /* Settings.swift */ = {isa = PBXFileReference; fileEncoding = 4; lastKnownFileType = sourcecode.swift; path = Settings.swift; sourceTree = "<group>"; };
		909C93A01DA54F6F002C17CE /* TaskManager.app */ = {isa = PBXFileReference; explicitFileType = wrapper.application; includeInIndex = 0; path = TaskManager.app; sourceTree = BUILT_PRODUCTS_DIR; };
		909C93A31DA54F6F002C17CE /* AppDelegate.swift */ = {isa = PBXFileReference; lastKnownFileType = sourcecode.swift; path = AppDelegate.swift; sourceTree = "<group>"; };
		909C93A81DA54F6F002C17CE /* Base */ = {isa = PBXFileReference; lastKnownFileType = file.storyboard; name = Base; path = Base.lproj/Main.storyboard; sourceTree = "<group>"; };
		909C93AA1DA54F6F002C17CE /* Assets.xcassets */ = {isa = PBXFileReference; lastKnownFileType = folder.assetcatalog; path = Assets.xcassets; sourceTree = "<group>"; };
		909C93AD1DA54F6F002C17CE /* Base */ = {isa = PBXFileReference; lastKnownFileType = file.storyboard; name = Base; path = Base.lproj/LaunchScreen.storyboard; sourceTree = "<group>"; };
		909C93AF1DA54F6F002C17CE /* Info.plist */ = {isa = PBXFileReference; lastKnownFileType = text.plist.xml; path = Info.plist; sourceTree = "<group>"; };
/* End PBXFileReference section */

/* Begin PBXFrameworksBuildPhase section */
		909C939D1DA54F6F002C17CE /* Frameworks */ = {
			isa = PBXFrameworksBuildPhase;
			buildActionMask = 2147483647;
			files = (
			);
			runOnlyForDeploymentPostprocessing = 0;
		};
/* End PBXFrameworksBuildPhase section */

/* Begin PBXGroup section */
		908283121DB919380006D49B /* CoreData */ = {
			isa = PBXGroup;
			children = (
				906F5EC61DBA0673001643A5 /* Category+CoreDataClass.swift */,
				906F5EC81DBA0673001643A5 /* Task+CoreDataClass.swift */,
				906F5EC91DBA0673001643A5 /* Task+CoreDataProperties.swift */,
				906F5EC71DBA0673001643A5 /* Category+CoreDataProperties.swift */,
				908ED81E1DBF4FEE00FE276E /* Settings+CoreDataClass.swift */,
				908ED81F1DBF4FEE00FE276E /* Settings+CoreDataProperties.swift */,
				908283051DB915C30006D49B /* TaskCoreData.xcdatamodeld */,
			);
			name = CoreData;
			sourceTree = "<group>";
		};
		909C93971DA54F6F002C17CE = {
			isa = PBXGroup;
			children = (
				909C93A21DA54F6F002C17CE /* TaskManager */,
				909C93A11DA54F6F002C17CE /* Products */,
			);
			sourceTree = "<group>";
		};
		909C93A11DA54F6F002C17CE /* Products */ = {
			isa = PBXGroup;
			children = (
				909C93A01DA54F6F002C17CE /* TaskManager.app */,
			);
			name = Products;
			sourceTree = "<group>";
		};
		909C93A21DA54F6F002C17CE /* TaskManager */ = {
			isa = PBXGroup;
			children = (
				909C93A31DA54F6F002C17CE /* AppDelegate.swift */,
				904402261DA57A6C00C4F97F /* ViewShadow.swift */,
				9041DB821DBE4FC300283579 /* NotificationsManager.swift */,
				908283121DB919380006D49B /* CoreData */,
				90C0F52D1DB21F9600666715 /* View */,
				90C0F52E1DB21F9D00666715 /* View Controller */,
				909C93AA1DA54F6F002C17CE /* Assets.xcassets */,
				909C93AC1DA54F6F002C17CE /* LaunchScreen.storyboard */,
				909C93AF1DA54F6F002C17CE /* Info.plist */,
			);
			path = TaskManager;
			sourceTree = "<group>";
		};
		90C0F52D1DB21F9600666715 /* View */ = {
			isa = PBXGroup;
			children = (
				909C93A71DA54F6F002C17CE /* Main.storyboard */,
			);
			name = View;
			sourceTree = "<group>";
		};
		90C0F52E1DB21F9D00666715 /* View Controller */ = {
			isa = PBXGroup;
			children = (
				903812041DA7E8E80089D318 /* InitialViewController.swift */,
				90C0F52F1DB21FC700666715 /* Tasks */,
				90C0F5311DB21FDD00666715 /* Add new task */,
				90C0F5301DB21FD600666715 /* Settings */,
				90C0F5321DB2200800666715 /* Categories */,
			);
			name = "View Controller";
			sourceTree = "<group>";
		};
		90C0F52F1DB21FC700666715 /* Tasks */ = {
			isa = PBXGroup;
			children = (
				903811F11DA6BD0E0089D318 /* Tasks.swift */,
				904402201DA5556100C4F97F /* MainViewController.swift */,
				903811EF1DA6B2230089D318 /* TaskDetailViewController.swift */,
				904402221DA5558E00C4F97F /* TaskCell.swift */,
			);
			name = Tasks;
			sourceTree = "<group>";
		};
		90C0F5301DB21FD600666715 /* Settings */ = {
			isa = PBXGroup;
			children = (
				908282FF1DB7AB5C0006D49B /* SettingsViewController.swift */,
				908ED8221DBF505900FE276E /* Settings.swift */,
			);
			name = Settings;
			sourceTree = "<group>";
		};
		90C0F5311DB21FDD00666715 /* Add new task */ = {
			isa = PBXGroup;
			children = (
				903811F31DA6C25C0089D318 /* AddNewTaskViewController.swift */,
			);
			name = "Add new task";
			sourceTree = "<group>";
		};
		90C0F5321DB2200800666715 /* Categories */ = {
			isa = PBXGroup;
			children = (
				903811F71DA6DD690089D318 /* Categories.swift */,
				903811F91DA6DDEE0089D318 /* CategoriesTableViewController.swift */,
				903811FB1DA6DF130089D318 /* CategoryTableViewCell.swift */,
				908283011DB7AC800006D49B /* EditCategoriesTableViewController.swift */,
				908283031DB8B16D0006D49B /* NewCategoryViewController.swift */,
			);
			name = Categories;
			sourceTree = "<group>";
		};
/* End PBXGroup section */

/* Begin PBXNativeTarget section */
		909C939F1DA54F6F002C17CE /* TaskManager */ = {
			isa = PBXNativeTarget;
			buildConfigurationList = 909C93B21DA54F6F002C17CE /* Build configuration list for PBXNativeTarget "TaskManager" */;
			buildPhases = (
				909C939C1DA54F6F002C17CE /* Sources */,
				909C939D1DA54F6F002C17CE /* Frameworks */,
				909C939E1DA54F6F002C17CE /* Resources */,
			);
			buildRules = (
			);
			dependencies = (
			);
			name = TaskManager;
			productName = TaskManager;
			productReference = 909C93A01DA54F6F002C17CE /* TaskManager.app */;
			productType = "com.apple.product-type.application";
		};
/* End PBXNativeTarget section */

/* Begin PBXProject section */
		909C93981DA54F6F002C17CE /* Project object */ = {
			isa = PBXProject;
			attributes = {
				LastSwiftUpdateCheck = 0800;
				LastUpgradeCheck = 0800;
				ORGANIZATIONNAME = MichalSverak;
				TargetAttributes = {
					909C939F1DA54F6F002C17CE = {
						CreatedOnToolsVersion = 8.0;
						DevelopmentTeam = YK9G6K7YWA;
						ProvisioningStyle = Automatic;
					};
				};
			};
			buildConfigurationList = 909C939B1DA54F6F002C17CE /* Build configuration list for PBXProject "TaskManager" */;
			compatibilityVersion = "Xcode 3.2";
			developmentRegion = English;
			hasScannedForEncodings = 0;
			knownRegions = (
				en,
				Base,
			);
			mainGroup = 909C93971DA54F6F002C17CE;
			productRefGroup = 909C93A11DA54F6F002C17CE /* Products */;
			projectDirPath = "";
			projectRoot = "";
			targets = (
				909C939F1DA54F6F002C17CE /* TaskManager */,
			);
		};
/* End PBXProject section */

/* Begin PBXResourcesBuildPhase section */
		909C939E1DA54F6F002C17CE /* Resources */ = {
			isa = PBXResourcesBuildPhase;
			buildActionMask = 2147483647;
			files = (
				909C93AE1DA54F6F002C17CE /* LaunchScreen.storyboard in Resources */,
				909C93AB1DA54F6F002C17CE /* Assets.xcassets in Resources */,
				909C93A91DA54F6F002C17CE /* Main.storyboard in Resources */,
			);
			runOnlyForDeploymentPostprocessing = 0;
		};
/* End PBXResourcesBuildPhase section */

/* Begin PBXSourcesBuildPhase section */
		909C939C1DA54F6F002C17CE /* Sources */ = {
			isa = PBXSourcesBuildPhase;
			buildActionMask = 2147483647;
			files = (
				903811F21DA6BD0E0089D318 /* Tasks.swift in Sources */,
				906F5ECB1DBA0673001643A5 /* Category+CoreDataProperties.swift in Sources */,
				908ED8201DBF4FEE00FE276E /* Settings+CoreDataClass.swift in Sources */,
				903811F01DA6B2230089D318 /* TaskDetailViewController.swift in Sources */,
				906F5ECA1DBA0673001643A5 /* Category+CoreDataClass.swift in Sources */,
				904402271DA57A6C00C4F97F /* ViewShadow.swift in Sources */,
				903812051DA7E8E80089D318 /* InitialViewController.swift in Sources */,
				909C93A41DA54F6F002C17CE /* AppDelegate.swift in Sources */,
				908ED8231DBF505900FE276E /* Settings.swift in Sources */,
				906F5ECC1DBA0673001643A5 /* Task+CoreDataClass.swift in Sources */,
				903811F81DA6DD690089D318 /* Categories.swift in Sources */,
				908ED8211DBF4FEE00FE276E /* Settings+CoreDataProperties.swift in Sources */,
				908283071DB915C30006D49B /* TaskCoreData.xcdatamodeld in Sources */,
				908283041DB8B16D0006D49B /* NewCategoryViewController.swift in Sources */,
				903811FC1DA6DF130089D318 /* CategoryTableViewCell.swift in Sources */,
				904402231DA5558E00C4F97F /* TaskCell.swift in Sources */,
				903811F41DA6C25C0089D318 /* AddNewTaskViewController.swift in Sources */,
				908283001DB7AB5C0006D49B /* SettingsViewController.swift in Sources */,
				904402211DA5556100C4F97F /* MainViewController.swift in Sources */,
				903811FA1DA6DDEE0089D318 /* CategoriesTableViewController.swift in Sources */,
				906F5ECD1DBA0673001643A5 /* Task+CoreDataProperties.swift in Sources */,
				9041DB831DBE4FC300283579 /* NotificationsManager.swift in Sources */,
				908283021DB7AC800006D49B /* EditCategoriesTableViewController.swift in Sources */,
			);
			runOnlyForDeploymentPostprocessing = 0;
		};
/* End PBXSourcesBuildPhase section */

/* Begin PBXVariantGroup section */
		909C93A71DA54F6F002C17CE /* Main.storyboard */ = {
			isa = PBXVariantGroup;
			children = (
				909C93A81DA54F6F002C17CE /* Base */,
			);
			name = Main.storyboard;
			sourceTree = "<group>";
		};
		909C93AC1DA54F6F002C17CE /* LaunchScreen.storyboard */ = {
			isa = PBXVariantGroup;
			children = (
				909C93AD1DA54F6F002C17CE /* Base */,
			);
			name = LaunchScreen.storyboard;
			sourceTree = "<group>";
		};
/* End PBXVariantGroup section */

/* Begin XCBuildConfiguration section */
		909C93B01DA54F6F002C17CE /* Debug */ = {
			isa = XCBuildConfiguration;
			buildSettings = {
				ALWAYS_SEARCH_USER_PATHS = NO;
				CLANG_ANALYZER_NONNULL = YES;
				CLANG_CXX_LANGUAGE_STANDARD = "gnu++0x";
				CLANG_CXX_LIBRARY = "libc++";
				CLANG_ENABLE_MODULES = YES;
				CLANG_ENABLE_OBJC_ARC = YES;
				CLANG_WARN_BOOL_CONVERSION = YES;
				CLANG_WARN_CONSTANT_CONVERSION = YES;
				CLANG_WARN_DIRECT_OBJC_ISA_USAGE = YES_ERROR;
				CLANG_WARN_DOCUMENTATION_COMMENTS = YES;
				CLANG_WARN_EMPTY_BODY = YES;
				CLANG_WARN_ENUM_CONVERSION = YES;
				CLANG_WARN_INFINITE_RECURSION = YES;
				CLANG_WARN_INT_CONVERSION = YES;
				CLANG_WARN_OBJC_ROOT_CLASS = YES_ERROR;
				CLANG_WARN_SUSPICIOUS_MOVES = YES;
				CLANG_WARN_UNREACHABLE_CODE = YES;
				CLANG_WARN__DUPLICATE_METHOD_MATCH = YES;
				"CODE_SIGN_IDENTITY[sdk=iphoneos*]" = "iPhone Developer";
				COPY_PHASE_STRIP = NO;
				DEBUG_INFORMATION_FORMAT = dwarf;
				ENABLE_STRICT_OBJC_MSGSEND = YES;
				ENABLE_TESTABILITY = YES;
				GCC_C_LANGUAGE_STANDARD = gnu99;
				GCC_DYNAMIC_NO_PIC = NO;
				GCC_NO_COMMON_BLOCKS = YES;
				GCC_OPTIMIZATION_LEVEL = 0;
				GCC_PREPROCESSOR_DEFINITIONS = (
					"DEBUG=1",
					"$(inherited)",
				);
				GCC_WARN_64_TO_32_BIT_CONVERSION = YES;
				GCC_WARN_ABOUT_RETURN_TYPE = YES_ERROR;
				GCC_WARN_UNDECLARED_SELECTOR = YES;
				GCC_WARN_UNINITIALIZED_AUTOS = YES_AGGRESSIVE;
				GCC_WARN_UNUSED_FUNCTION = YES;
				GCC_WARN_UNUSED_VARIABLE = YES;
				IPHONEOS_DEPLOYMENT_TARGET = 10.0;
				MTL_ENABLE_DEBUG_INFO = YES;
				ONLY_ACTIVE_ARCH = YES;
				SDKROOT = iphoneos;
				SWIFT_ACTIVE_COMPILATION_CONDITIONS = DEBUG;
				SWIFT_OPTIMIZATION_LEVEL = "-Onone";
			};
			name = Debug;
		};
		909C93B11DA54F6F002C17CE /* Release */ = {
			isa = XCBuildConfiguration;
			buildSettings = {
				ALWAYS_SEARCH_USER_PATHS = NO;
				CLANG_ANALYZER_NONNULL = YES;
				CLANG_CXX_LANGUAGE_STANDARD = "gnu++0x";
				CLANG_CXX_LIBRARY = "libc++";
				CLANG_ENABLE_MODULES = YES;
				CLANG_ENABLE_OBJC_ARC = YES;
				CLANG_WARN_BOOL_CONVERSION = YES;
				CLANG_WARN_CONSTANT_CONVERSION = YES;
				CLANG_WARN_DIRECT_OBJC_ISA_USAGE = YES_ERROR;
				CLANG_WARN_DOCUMENTATION_COMMENTS = YES;
				CLANG_WARN_EMPTY_BODY = YES;
				CLANG_WARN_ENUM_CONVERSION = YES;
				CLANG_WARN_INFINITE_RECURSION = YES;
				CLANG_WARN_INT_CONVERSION = YES;
				CLANG_WARN_OBJC_ROOT_CLASS = YES_ERROR;
				CLANG_WARN_SUSPICIOUS_MOVES = YES;
				CLANG_WARN_UNREACHABLE_CODE = YES;
				CLANG_WARN__DUPLICATE_METHOD_MATCH = YES;
				"CODE_SIGN_IDENTITY[sdk=iphoneos*]" = "iPhone Developer";
				COPY_PHASE_STRIP = NO;
				DEBUG_INFORMATION_FORMAT = "dwarf-with-dsym";
				ENABLE_NS_ASSERTIONS = NO;
				ENABLE_STRICT_OBJC_MSGSEND = YES;
				GCC_C_LANGUAGE_STANDARD = gnu99;
				GCC_NO_COMMON_BLOCKS = YES;
				GCC_WARN_64_TO_32_BIT_CONVERSION = YES;
				GCC_WARN_ABOUT_RETURN_TYPE = YES_ERROR;
				GCC_WARN_UNDECLARED_SELECTOR = YES;
				GCC_WARN_UNINITIALIZED_AUTOS = YES_AGGRESSIVE;
				GCC_WARN_UNUSED_FUNCTION = YES;
				GCC_WARN_UNUSED_VARIABLE = YES;
				IPHONEOS_DEPLOYMENT_TARGET = 10.0;
				MTL_ENABLE_DEBUG_INFO = NO;
				SDKROOT = iphoneos;
				SWIFT_OPTIMIZATION_LEVEL = "-Owholemodule";
				VALIDATE_PRODUCT = YES;
			};
			name = Release;
		};
		909C93B31DA54F6F002C17CE /* Debug */ = {
			isa = XCBuildConfiguration;
			buildSettings = {
				ASSETCATALOG_COMPILER_APPICON_NAME = AppIcon;
				DEVELOPMENT_TEAM = YK9G6K7YWA;
				INFOPLIST_FILE = TaskManager/Info.plist;
				LD_RUNPATH_SEARCH_PATHS = "$(inherited) @executable_path/Frameworks";
				PRODUCT_BUNDLE_IDENTIFIER = MichalSverak.TaskManager;
				PRODUCT_NAME = "$(TARGET_NAME)";
				SWIFT_VERSION = 3.0;
			};
			name = Debug;
		};
		909C93B41DA54F6F002C17CE /* Release */ = {
			isa = XCBuildConfiguration;
			buildSettings = {
				ASSETCATALOG_COMPILER_APPICON_NAME = AppIcon;
				DEVELOPMENT_TEAM = YK9G6K7YWA;
				INFOPLIST_FILE = TaskManager/Info.plist;
				LD_RUNPATH_SEARCH_PATHS = "$(inherited) @executable_path/Frameworks";
				PRODUCT_BUNDLE_IDENTIFIER = MichalSverak.TaskManager;
				PRODUCT_NAME = "$(TARGET_NAME)";
				SWIFT_VERSION = 3.0;
			};
			name = Release;
		};
/* End XCBuildConfiguration section */

/* Begin XCConfigurationList section */
		909C939B1DA54F6F002C17CE /* Build configuration list for PBXProject "TaskManager" */ = {
			isa = XCConfigurationList;
			buildConfigurations = (
				909C93B01DA54F6F002C17CE /* Debug */,
				909C93B11DA54F6F002C17CE /* Release */,
			);
			defaultConfigurationIsVisible = 0;
			defaultConfigurationName = Release;
		};
		909C93B21DA54F6F002C17CE /* Build configuration list for PBXNativeTarget "TaskManager" */ = {
			isa = XCConfigurationList;
			buildConfigurations = (
				909C93B31DA54F6F002C17CE /* Debug */,
				909C93B41DA54F6F002C17CE /* Release */,
			);
			defaultConfigurationIsVisible = 0;
			defaultConfigurationName = Release;
		};
/* End XCConfigurationList section */

/* Begin XCVersionGroup section */
		908283051DB915C30006D49B /* TaskCoreData.xcdatamodeld */ = {
			isa = XCVersionGroup;
			children = (
				908283061DB915C30006D49B /* TaskCoreData.xcdatamodel */,
			);
			currentVersion = 908283061DB915C30006D49B /* TaskCoreData.xcdatamodel */;
			path = TaskCoreData.xcdatamodeld;
			sourceTree = "<group>";
			versionGroupType = wrapper.xcdatamodel;
		};
/* End XCVersionGroup section */
	};
	rootObject = 909C93981DA54F6F002C17CE /* Project object */;
}
